// !$*UTF8*$!
{
	archiveVersion = 1;
	classes = {
	};
	objectVersion = 46;
	objects = {

/* Begin PBXBuildFile section */
		FE99DD8B1AE7837300F6D1BA /* main.m in Sources */ = {isa = PBXBuildFile; fileRef = FE99DD8A1AE7837300F6D1BA /* main.m */; };
		FE99DD8E1AE7837300F6D1BA /* AppDelegate.m in Sources */ = {isa = PBXBuildFile; fileRef = FE99DD8D1AE7837300F6D1BA /* AppDelegate.m */; };
		FE99DD911AE7837300F6D1BA /* ViewController.m in Sources */ = {isa = PBXBuildFile; fileRef = FE99DD901AE7837300F6D1BA /* ViewController.m */; };
		FE99DD941AE7837300F6D1BA /* Main.storyboard in Resources */ = {isa = PBXBuildFile; fileRef = FE99DD921AE7837300F6D1BA /* Main.storyboard */; };
		FE99DD961AE7837300F6D1BA /* Images.xcassets in Resources */ = {isa = PBXBuildFile; fileRef = FE99DD951AE7837300F6D1BA /* Images.xcassets */; };
		FE99DD991AE7837300F6D1BA /* LaunchScreen.xib in Resources */ = {isa = PBXBuildFile; fileRef = FE99DD971AE7837300F6D1BA /* LaunchScreen.xib */; };
		FE99DDA51AE7837300F6D1BA /* ttestTests.m in Sources */ = {isa = PBXBuildFile; fileRef = FE99DDA41AE7837300F6D1BA /* ttestTests.m */; };
/* End PBXBuildFile section */

/* Begin PBXContainerItemProxy section */
		FE99DD9F1AE7837300F6D1BA /* PBXContainerItemProxy */ = {
			isa = PBXContainerItemProxy;
			containerPortal = FE99DD7D1AE7837300F6D1BA /* Project object */;
			proxyType = 1;
			remoteGlobalIDString = FE99DD841AE7837300F6D1BA;
			remoteInfo = ttest;
		};
/* End PBXContainerItemProxy section */

/* Begin PBXFileReference section */
		FE99DD851AE7837300F6D1BA /* ttest.app */ = {isa = PBXFileReference; explicitFileType = wrapper.application; includeInIndex = 0; path = ttest.app; sourceTree = BUILT_PRODUCTS_DIR; };
		FE99DD891AE7837300F6D1BA /* Info.plist */ = {isa = PBXFileReference; lastKnownFileType = text.plist.xml; path = Info.plist; sourceTree = "<group>"; };
		FE99DD8A1AE7837300F6D1BA /* main.m */ = {isa = PBXFileReference; lastKnownFileType = sourcecode.c.objc; path = main.m; sourceTree = "<group>"; };
		FE99DD8C1AE7837300F6D1BA /* AppDelegate.h */ = {isa = PBXFileReference; lastKnownFileType = sourcecode.c.h; path = AppDelegate.h; sourceTree = "<group>"; };
		FE99DD8D1AE7837300F6D1BA /* AppDelegate.m */ = {isa = PBXFileReference; lastKnownFileType = sourcecode.c.objc; path = AppDelegate.m; sourceTree = "<group>"; };
		FE99DD8F1AE7837300F6D1BA /* ViewController.h */ = {isa = PBXFileReference; lastKnownFileType = sourcecode.c.h; path = ViewController.h; sourceTree = "<group>"; };
		FE99DD901AE7837300F6D1BA /* ViewController.m */ = {isa = PBXFileReference; lastKnownFileType = sourcecode.c.objc; path = ViewController.m; sourceTree = "<group>"; };
		FE99DD931AE7837300F6D1BA /* Base */ = {isa = PBXFileReference; lastKnownFileType = file.storyboard; name = Base; path = Base.lproj/Main.storyboard; sourceTree = "<group>"; };
		FE99DD951AE7837300F6D1BA /* Images.xcassets */ = {isa = PBXFileReference; lastKnownFileType = folder.assetcatalog; path = Images.xcassets; sourceTree = "<group>"; };
		FE99DD981AE7837300F6D1BA /* Base */ = {isa = PBXFileReference; lastKnownFileType = file.xib; name = Base; path = Base.lproj/LaunchScreen.xib; sourceTree = "<group>"; };
		FE99DD9E1AE7837300F6D1BA /* ttestTests.xctest */ = {isa = PBXFileReference; explicitFileType = wrapper.cfbundle; includeInIndex = 0; path = ttestTests.xctest; sourceTree = BUILT_PRODUCTS_DIR; };
		FE99DDA31AE7837300F6D1BA /* Info.plist */ = {isa = PBXFileReference; lastKnownFileType = text.plist.xml; path = Info.plist; sourceTree = "<group>"; };
		FE99DDA41AE7837300F6D1BA /* ttestTests.m */ = {isa = PBXFileReference; lastKnownFileType = sourcecode.c.objc; path = ttestTests.m; sourceTree = "<group>"; };
/* End PBXFileReference section */

/* Begin PBXFrameworksBuildPhase section */
		FE99DD821AE7837300F6D1BA /* Frameworks */ = {
			isa = PBXFrameworksBuildPhase;
			buildActionMask = 2147483647;
			files = (
			);
			runOnlyForDeploymentPostprocessing = 0;
		};
		FE99DD9B1AE7837300F6D1BA /* Frameworks */ = {
			isa = PBXFrameworksBuildPhase;
			buildActionMask = 2147483647;
			files = (
			);
			runOnlyForDeploymentPostprocessing = 0;
		};
/* End PBXFrameworksBuildPhase section */

/* Begin PBXGroup section */
		FE99DD7C1AE7837300F6D1BA = {
			isa = PBXGroup;
			children = (
				FE99DD871AE7837300F6D1BA /* ttest */,
				FE99DDA11AE7837300F6D1BA /* ttestTests */,
				FE99DD861AE7837300F6D1BA /* Products */,
			);
			sourceTree = "<group>";
		};
		FE99DD861AE7837300F6D1BA /* Products */ = {
			isa = PBXGroup;
			children = (
				FE99DD851AE7837300F6D1BA /* ttest.app */,
				FE99DD9E1AE7837300F6D1BA /* ttestTests.xctest */,
			);
			name = Products;
			sourceTree = "<group>";
		};
		FE99DD871AE7837300F6D1BA /* ttest */ = {
			isa = PBXGroup;
			children = (
				FE99DD8C1AE7837300F6D1BA /* AppDelegate.h */,
				FE99DD8D1AE7837300F6D1BA /* AppDelegate.m */,
				FE99DD8F1AE7837300F6D1BA /* ViewController.h */,
				FE99DD901AE7837300F6D1BA /* ViewController.m */,
				FE99DD921AE7837300F6D1BA /* Main.storyboard */,
				FE99DD951AE7837300F6D1BA /* Images.xcassets */,
				FE99DD971AE7837300F6D1BA /* LaunchScreen.xib */,
				FE99DD881AE7837300F6D1BA /* Supporting Files */,
			);
			path = ttest;
			sourceTree = "<group>";
		};
		FE99DD881AE7837300F6D1BA /* Supporting Files */ = {
			isa = PBXGroup;
			children = (
				FE99DD891AE7837300F6D1BA /* Info.plist */,
				FE99DD8A1AE7837300F6D1BA /* main.m */,
			);
			name = "Supporting Files";
			sourceTree = "<group>";
		};
		FE99DDA11AE7837300F6D1BA /* ttestTests */ = {
			isa = PBXGroup;
			children = (
				FE99DDA41AE7837300F6D1BA /* ttestTests.m */,
				FE99DDA21AE7837300F6D1BA /* Supporting Files */,
			);
			path = ttestTests;
			sourceTree = "<group>";
		};
		FE99DDA21AE7837300F6D1BA /* Supporting Files */ = {
			isa = PBXGroup;
			children = (
				FE99DDA31AE7837300F6D1BA /* Info.plist */,
			);
			name = "Supporting Files";
			sourceTree = "<group>";
		};
/* End PBXGroup section */

/* Begin PBXNativeTarget section */
		FE99DD841AE7837300F6D1BA /* ttest */ = {
			isa = PBXNativeTarget;
			buildConfigurationList = FE99DDA81AE7837300F6D1BA /* Build configuration list for PBXNativeTarget "ttest" */;
			buildPhases = (
				FE99DD811AE7837300F6D1BA /* Sources */,
				FE99DD821AE7837300F6D1BA /* Frameworks */,
				FE99DD831AE7837300F6D1BA /* Resources */,
			);
			buildRules = (
			);
			dependencies = (
			);
			name = ttest;
			productName = ttest;
			productReference = FE99DD851AE7837300F6D1BA /* ttest.app */;
			productType = "com.apple.product-type.application";
		};
		FE99DD9D1AE7837300F6D1BA /* ttestTests */ = {
			isa = PBXNativeTarget;
			buildConfigurationList = FE99DDAB1AE7837300F6D1BA /* Build configuration list for PBXNativeTarget "ttestTests" */;
			buildPhases = (
				FE99DD9A1AE7837300F6D1BA /* Sources */,
				FE99DD9B1AE7837300F6D1BA /* Frameworks */,
				FE99DD9C1AE7837300F6D1BA /* Resources */,
			);
			buildRules = (
			);
			dependencies = (
				FE99DDA01AE7837300F6D1BA /* PBXTargetDependency */,
			);
			name = ttestTests;
			productName = ttestTests;
			productReference = FE99DD9E1AE7837300F6D1BA /* ttestTests.xctest */;
			productType = "com.apple.product-type.bundle.unit-test";
		};
/* End PBXNativeTarget section */

/* Begin PBXProject section */
		FE99DD7D1AE7837300F6D1BA /* Project object */ = {
			isa = PBXProject;
			attributes = {
				LastUpgradeCheck = 0630;
				ORGANIZATIONNAME = ZhangSx;
				TargetAttributes = {
					FE99DD841AE7837300F6D1BA = {
						CreatedOnToolsVersion = 6.3;
					};
					FE99DD9D1AE7837300F6D1BA = {
						CreatedOnToolsVersion = 6.3;
						TestTargetID = FE99DD841AE7837300F6D1BA;
					};
				};
			};
			buildConfigurationList = FE99DD801AE7837300F6D1BA /* Build configuration list for PBXProject "ttest" */;
			compatibilityVersion = "Xcode 3.2";
			developmentRegion = English;
			hasScannedForEncodings = 0;
			knownRegions = (
				en,
				Base,
			);
			mainGroup = FE99DD7C1AE7837300F6D1BA;
			productRefGroup = FE99DD861AE7837300F6D1BA /* Products */;
			projectDirPath = "";
			projectRoot = "";
			targets = (
				FE99DD841AE7837300F6D1BA /* ttest */,
				FE99DD9D1AE7837300F6D1BA /* ttestTests */,
			);
		};
/* End PBXProject section */

/* Begin PBXResourcesBuildPhase section */
		FE99DD831AE7837300F6D1BA /* Resources */ = {
			isa = PBXResourcesBuildPhase;
			buildActionMask = 2147483647;
			files = (
				FE99DD941AE7837300F6D1BA /* Main.storyboard in Resources */,
				FE99DD991AE7837300F6D1BA /* LaunchScreen.xib in Resources */,
				FE99DD961AE7837300F6D1BA /* Images.xcassets in Resources */,
			);
			runOnlyForDeploymentPostprocessing = 0;
		};
		FE99DD9C1AE7837300F6D1BA /* Resources */ = {
			isa = PBXResourcesBuildPhase;
			buildActionMask = 2147483647;
			files = (
			);
			runOnlyForDeploymentPostprocessing = 0;
		};
/* End PBXResourcesBuildPhase section */

/* Begin PBXSourcesBuildPhase section */
		FE99DD811AE7837300F6D1BA /* Sources */ = {
			isa = PBXSourcesBuildPhase;
			buildActionMask = 2147483647;
			files = (
				FE99DD911AE7837300F6D1BA /* ViewController.m in Sources */,
				FE99DD8E1AE7837300F6D1BA /* AppDelegate.m in Sources */,
				FE99DD8B1AE7837300F6D1BA /* main.m in Sources */,
			);
			runOnlyForDeploymentPostprocessing = 0;
		};
		FE99DD9A1AE7837300F6D1BA /* Sources */ = {
			isa = PBXSourcesBuildPhase;
			buildActionMask = 2147483647;
			files = (
				FE99DDA51AE7837300F6D1BA /* ttestTests.m in Sources */,
			);
			runOnlyForDeploymentPostprocessing = 0;
		};
/* End PBXSourcesBuildPhase section */

/* Begin PBXTargetDependency section */
		FE99DDA01AE7837300F6D1BA /* PBXTargetDependency */ = {
			isa = PBXTargetDependency;
			target = FE99DD841AE7837300F6D1BA /* ttest */;
			targetProxy = FE99DD9F1AE7837300F6D1BA /* PBXContainerItemProxy */;
		};
/* End PBXTargetDependency section */

/* Begin PBXVariantGroup section */
		FE99DD921AE7837300F6D1BA /* Main.storyboard */ = {
			isa = PBXVariantGroup;
			children = (
				FE99DD931AE7837300F6D1BA /* Base */,
			);
			name = Main.storyboard;
			sourceTree = "<group>";
		};
		FE99DD971AE7837300F6D1BA /* LaunchScreen.xib */ = {
			isa = PBXVariantGroup;
			children = (
				FE99DD981AE7837300F6D1BA /* Base */,
			);
			name = LaunchScreen.xib;
			sourceTree = "<group>";
		};
/* End PBXVariantGroup section */

/* Begin XCBuildConfiguration section */
		FE99DDA61AE7837300F6D1BA /* Debug */ = {
			isa = XCBuildConfiguration;
			buildSettings = {
				ALWAYS_SEARCH_USER_PATHS = NO;
				CLANG_CXX_LANGUAGE_STANDARD = "gnu++0x";
				CLANG_CXX_LIBRARY = "libc++";
				CLANG_ENABLE_MODULES = YES;
				CLANG_ENABLE_OBJC_ARC = YES;
				CLANG_WARN_BOOL_CONVERSION = YES;
				CLANG_WARN_CONSTANT_CONVERSION = YES;
				CLANG_WARN_DIRECT_OBJC_ISA_USAGE = YES_ERROR;
				CLANG_WARN_EMPTY_BODY = YES;
				CLANG_WARN_ENUM_CONVERSION = YES;
				CLANG_WARN_INT_CONVERSION = YES;
				CLANG_WARN_OBJC_ROOT_CLASS = YES_ERROR;
				CLANG_WARN_UNREACHABLE_CODE = YES;
				CLANG_WARN__DUPLICATE_METHOD_MATCH = YES;
				"CODE_SIGN_IDENTITY[sdk=iphoneos*]" = "iPhone Developer";
				COPY_PHASE_STRIP = NO;
				DEBUG_INFORMATION_FORMAT = "dwarf-with-dsym";
				ENABLE_STRICT_OBJC_MSGSEND = YES;
				GCC_C_LANGUAGE_STANDARD = gnu99;
				GCC_DYNAMIC_NO_PIC = NO;
				GCC_NO_COMMON_BLOCKS = YES;
				GCC_OPTIMIZATION_LEVEL = 0;
				GCC_PREPROCESSOR_DEFINITIONS = (
					"DEBUG=1",
					"$(inherited)",
				);
				GCC_SYMBOLS_PRIVATE_EXTERN = NO;
				GCC_WARN_64_TO_32_BIT_CONVERSION = YES;
				GCC_WARN_ABOUT_RETURN_TYPE = YES_ERROR;
				GCC_WARN_UNDECLARED_SELECTOR = YES;
				GCC_WARN_UNINITIALIZED_AUTOS = YES_AGGRESSIVE;
				GCC_WARN_UNUSED_FUNCTION = YES;
				GCC_WARN_UNUSED_VARIABLE = YES;
				IPHONEOS_DEPLOYMENT_TARGET = 8.3;
				MTL_ENABLE_DEBUG_INFO = YES;
				ONLY_ACTIVE_ARCH = YES;
				SDKROOT = iphoneos;
			};
			name = Debug;
		};
		FE99DDA71AE7837300F6D1BA /* Release */ = {
			isa = XCBuildConfiguration;
			buildSettings = {
				ALWAYS_SEARCH_USER_PATHS = NO;
				CLANG_CXX_LANGUAGE_STANDARD = "gnu++0x";
				CLANG_CXX_LIBRARY = "libc++";
				CLANG_ENABLE_MODULES = YES;
				CLANG_ENABLE_OBJC_ARC = YES;
				CLANG_WARN_BOOL_CONVERSION = YES;
				CLANG_WARN_CONSTANT_CONVERSION = YES;
				CLANG_WARN_DIRECT_OBJC_ISA_USAGE = YES_ERROR;
				CLANG_WARN_EMPTY_BODY = YES;
				CLANG_WARN_ENUM_CONVERSION = YES;
				CLANG_WARN_INT_CONVERSION = YES;
				CLANG_WARN_OBJC_ROOT_CLASS = YES_ERROR;
				CLANG_WARN_UNREACHABLE_CODE = YES;
				CLANG_WARN__DUPLICATE_METHOD_MATCH = YES;
				"CODE_SIGN_IDENTITY[sdk=iphoneos*]" = "iPhone Developer";
				COPY_PHASE_STRIP = NO;
				DEBUG_INFORMATION_FORMAT = "dwarf-with-dsym";
				ENABLE_NS_ASSERTIONS = NO;
				ENABLE_STRICT_OBJC_MSGSEND = YES;
				GCC_C_LANGUAGE_STANDARD = gnu99;
				GCC_NO_COMMON_BLOCKS = YES;
				GCC_WARN_64_TO_32_BIT_CONVERSION = YES;
				GCC_WARN_ABOUT_RETURN_TYPE = YES_ERROR;
				GCC_WARN_UNDECLARED_SELECTOR = YES;
				GCC_WARN_UNINITIALIZED_AUTOS = YES_AGGRESSIVE;
				GCC_WARN_UNUSED_FUNCTION = YES;
				GCC_WARN_UNUSED_VARIABLE = YES;
				IPHONEOS_DEPLOYMENT_TARGET = 8.3;
				MTL_ENABLE_DEBUG_INFO = NO;
				SDKROOT = iphoneos;
				VALIDATE_PRODUCT = YES;
			};
			name = Release;
		};
		FE99DDA91AE7837300F6D1BA /* Debug */ = {
			isa = XCBuildConfiguration;
			buildSettings = {
				ASSETCATALOG_COMPILER_APPICON_NAME = AppIcon;
				INFOPLIST_FILE = ttest/Info.plist;
				LD_RUNPATH_SEARCH_PATHS = "$(inherited) @executable_path/Frameworks";
				PRODUCT_NAME = "$(TARGET_NAME)";
			};
			name = Debug;
		};
		FE99DDAA1AE7837300F6D1BA /* Release */ = {
			isa = XCBuildConfiguration;
			buildSettings = {
				ASSETCATALOG_COMPILER_APPICON_NAME = AppIcon;
				INFOPLIST_FILE = ttest/Info.plist;
				LD_RUNPATH_SEARCH_PATHS = "$(inherited) @executable_path/Frameworks";
				PRODUCT_NAME = "$(TARGET_NAME)";
			};
			name = Release;
		};
		FE99DDAC1AE7837300F6D1BA /* Debug */ = {
			isa = XCBuildConfiguration;
			buildSettings = {
				BUNDLE_LOADER = "$(TEST_HOST)";
				FRAMEWORK_SEARCH_PATHS = (
					"$(SDKROOT)/Developer/Library/Frameworks",
					"$(inherited)",
				);
				GCC_PREPROCESSOR_DEFINITIONS = (
					"DEBUG=1",
					"$(inherited)",
				);
				INFOPLIST_FILE = ttestTests/Info.plist;
				LD_RUNPATH_SEARCH_PATHS = "$(inherited) @executable_path/Frameworks @loader_path/Frameworks";
				PRODUCT_NAME = "$(TARGET_NAME)";
				TEST_HOST = "$(BUILT_PRODUCTS_DIR)/ttest.app/ttest";
			};
			name = Debug;
		};
		FE99DDAD1AE7837300F6D1BA /* Release */ = {
			isa = XCBuildConfiguration;
			buildSettings = {
				BUNDLE_LOADER = "$(TEST_HOST)";
				FRAMEWORK_SEARCH_PATHS = (
					"$(SDKROOT)/Developer/Library/Frameworks",
					"$(inherited)",
				);
				INFOPLIST_FILE = ttestTests/Info.plist;
				LD_RUNPATH_SEARCH_PATHS = "$(inherited) @executable_path/Frameworks @loader_path/Frameworks";
				PRODUCT_NAME = "$(TARGET_NAME)";
				TEST_HOST = "$(BUILT_PRODUCTS_DIR)/ttest.app/ttest";
			};
			name = Release;
		};
/* End XCBuildConfiguration section */

/* Begin XCConfigurationList section */
		FE99DD801AE7837300F6D1BA /* Build configuration list for PBXProject "ttest" */ = {
			isa = XCConfigurationList;
			buildConfigurations = (
				FE99DDA61AE7837300F6D1BA /* Debug */,
				FE99DDA71AE7837300F6D1BA /* Release */,
			);
			defaultConfigurationIsVisible = 0;
			defaultConfigurationName = Release;
		};
		FE99DDA81AE7837300F6D1BA /* Build configuration list for PBXNativeTarget "ttest" */ = {
			isa = XCConfigurationList;
			buildConfigurations = (
				FE99DDA91AE7837300F6D1BA /* Debug */,
				FE99DDAA1AE7837300F6D1BA /* Release */,
			);
			defaultConfigurationIsVisible = 0;
		};
		FE99DDAB1AE7837300F6D1BA /* Build configuration list for PBXNativeTarget "ttestTests" */ = {
			isa = XCConfigurationList;
			buildConfigurations = (
				FE99DDAC1AE7837300F6D1BA /* Debug */,
				FE99DDAD1AE7837300F6D1BA /* Release */,
			);
			defaultConfigurationIsVisible = 0;
		};
/* End XCConfigurationList section */
	};
	rootObject = FE99DD7D1AE7837300F6D1BA /* Project object */;
}
